<?xml version="1.0" encoding="utf-8"?>
<Project ToolsVersion="4.0" xmlns="http://schemas.microsoft.com/developer/msbuild/2003">
  <ItemGroup>
    <Filter Include="Characters">
      <UniqueIdentifier>{dc706e65-a8fc-48b1-89bb-f8291a81249c}</UniqueIdentifier>
    </Filter>
    <Filter Include="Characters\DigDug">
      <UniqueIdentifier>{c73698cc-c1f3-460e-b801-d140604d0d1a}</UniqueIdentifier>
    </Filter>
    <Filter Include="Characters\DigDug\StateMachine">
      <UniqueIdentifier>{88812a8b-0330-44c4-b2ae-dd7b574b356d}</UniqueIdentifier>
    </Filter>
    <Filter Include="Level">
      <UniqueIdentifier>{36650a7f-74d1-4422-8ca1-057235e5df95}</UniqueIdentifier>
    </Filter>
    <Filter Include="Menu">
      <UniqueIdentifier>{439dcd01-0985-4e06-9445-276980703b3f}</UniqueIdentifier>
    </Filter>
  </ItemGroup>
  <ItemGroup>
    <ClInclude Include="Minigin.h" />
    <ClInclude Include="DigDugBlackboard.h" />
    <ClInclude Include="DigDugPCH.h" />
    <ClInclude Include="DigDugStateIdle.h" />
    <ClInclude Include="DigDugStateMachine.h" />
    <ClInclude Include="DigDugStateMove.h" />
    <ClInclude Include="IMenu.h" />
    <ClInclude Include="LevelOne.h" />
    <ClInclude Include="MenuExtra.h" />
    <ClInclude Include="MenuMain.h" />
    <ClInclude Include="MenuQuit.h" />
    <ClInclude Include="MenuScene.h" />
  </ItemGroup>
  <ItemGroup>
    <ClCompile Include="DigDugBlackboard.cpp" />
    <ClCompile Include="DigDugPCH.cpp" />
    <ClCompile Include="DigDugStateIdle.cpp" />
    <ClCompile Include="DigDugStateMachine.cpp" />
    <ClCompile Include="DigDugStateMove.cpp" />
    <ClCompile Include="LevelOne.cpp" />
    <ClCompile Include="Main.cpp" />
    <ClCompile Include="MenuExtra.cpp" />
    <ClCompile Include="MenuMain.cpp" />
    <ClCompile Include="MenuQuit.cpp" />
    <ClCompile Include="MenuScene.cpp" />
    <ClCompile Include="Minigin.cpp" />
  </ItemGroup>
</Project>