<?xml version="1.0" encoding="utf-8"?>
<Project ToolsVersion="4.0" xmlns="http://schemas.microsoft.com/developer/msbuild/2003">
  <ItemGroup>
    <Filter Include="Characters">
      <UniqueIdentifier>{dc706e65-a8fc-48b1-89bb-f8291a81249c}</UniqueIdentifier>
    </Filter>
    <Filter Include="Characters\DigDug">
      <UniqueIdentifier>{c73698cc-c1f3-460e-b801-d140604d0d1a}</UniqueIdentifier>
    </Filter>
    <Filter Include="Characters\DigDug\StateMachine">
      <UniqueIdentifier>{88812a8b-0330-44c4-b2ae-dd7b574b356d}</UniqueIdentifier>
    </Filter>
    <Filter Include="Level">
      <UniqueIdentifier>{36650a7f-74d1-4422-8ca1-057235e5df95}</UniqueIdentifier>
    </Filter>
    <Filter Include="Main">
      <UniqueIdentifier>{8c02ddb0-dbd7-491f-a9b4-17286154248c}</UniqueIdentifier>
    </Filter>
    <Filter Include="Characters\DigDug\Player">
      <UniqueIdentifier>{862949f7-3286-40e7-8e9b-a4044a7aaccc}</UniqueIdentifier>
    </Filter>
    <Filter Include="Characters\Pooka">
      <UniqueIdentifier>{61c1707f-2398-4a52-88d9-5e1b05419de2}</UniqueIdentifier>
    </Filter>
    <Filter Include="Characters\Pooka\Player">
      <UniqueIdentifier>{2d61c01b-931c-4193-8ee1-0cc6320e5287}</UniqueIdentifier>
    </Filter>
    <Filter Include="Characters\Pooka\StateMachine">
      <UniqueIdentifier>{82e19098-ddc8-482b-9f95-06ab5c0f5b7f}</UniqueIdentifier>
    </Filter>
    <Filter Include="Menu">
      <UniqueIdentifier>{439dcd01-0985-4e06-9445-276980703b3f}</UniqueIdentifier>
    </Filter>
    <Filter Include="Characters\Fygar">
      <UniqueIdentifier>{52e89010-bcf7-4a46-9bf5-a48ff8f4d00a}</UniqueIdentifier>
    </Filter>
    <Filter Include="Characters\Fygar\Player">
      <UniqueIdentifier>{d2ade5ed-e318-4209-8025-952aa8c7a043}</UniqueIdentifier>
    </Filter>
    <Filter Include="Characters\Fygar\StateMachine">
      <UniqueIdentifier>{dba055a0-592c-4349-99da-39efd9c8336f}</UniqueIdentifier>
    </Filter>
  </ItemGroup>
  <ItemGroup>
    <ClInclude Include="MenuScene.h">
      <Filter>Menu</Filter>
    </ClInclude>
    <ClInclude Include="MenuExtra.h">
      <Filter>Menu</Filter>
    </ClInclude>
    <ClInclude Include="MenuMain.h">
      <Filter>Menu</Filter>
    </ClInclude>
    <ClInclude Include="MenuQuit.h">
      <Filter>Menu</Filter>
    </ClInclude>
    <ClInclude Include="DigDugStateMove.h">
      <Filter>Characters\DigDug\StateMachine</Filter>
    </ClInclude>
    <ClInclude Include="DigDugBlackboard.h">
      <Filter>Characters\DigDug\StateMachine</Filter>
    </ClInclude>
    <ClInclude Include="DigDugStateIdle.h">
      <Filter>Characters\DigDug\StateMachine</Filter>
    </ClInclude>
    <ClInclude Include="DigDugStateMachine.h">
      <Filter>Characters\DigDug\StateMachine</Filter>
    </ClInclude>
    <ClInclude Include="IMenu.h">
      <Filter>Menu</Filter>
    </ClInclude>
    <ClInclude Include="LevelOne.h">
      <Filter>Level</Filter>
    </ClInclude>
    <ClInclude Include="Minigin.h">
      <Filter>Main</Filter>
    </ClInclude>
    <ClInclude Include="DigDugPCH.h">
      <Filter>Main</Filter>
    </ClInclude>
    <ClInclude Include="MenuSettings.h">
      <Filter>Menu</Filter>
    </ClInclude>
    <ClInclude Include="Player.h">
      <Filter>Characters\DigDug\Player</Filter>
    </ClInclude>
    <ClInclude Include="DigDugStatePump.h">
      <Filter>Characters\DigDug\StateMachine</Filter>
    </ClInclude>
    <ClInclude Include="World.h">
      <Filter>Level</Filter>
    </ClInclude>
    <ClInclude Include="Tunnel.h">
      <Filter>Level</Filter>
    </ClInclude>
    <ClInclude Include="DigDugStateDig.h">
      <Filter>Characters\DigDug\StateMachine</Filter>
    </ClInclude>
    <ClInclude Include="Pooka.h">
      <Filter>Characters\Pooka\Player</Filter>
    </ClInclude>
    <ClInclude Include="PookaBlackboard.h">
      <Filter>Characters\Pooka\StateMachine</Filter>
    </ClInclude>
    <ClInclude Include="PookaStateMachine.h">
      <Filter>Characters\Pooka\StateMachine</Filter>
    </ClInclude>
    <ClInclude Include="PookaStateMove.h">
      <Filter>Characters\Pooka\StateMachine</Filter>
    </ClInclude>
    <ClInclude Include="PookaStateTeleport.h">
      <Filter>Characters\Pooka\StateMachine</Filter>
    </ClInclude>
    <ClInclude Include="PlayerData.h">
      <Filter>Characters\DigDug\Player</Filter>
    </ClInclude>
    <ClInclude Include="PlayerHUD.h">
      <Filter>Characters\DigDug\Player</Filter>
    </ClInclude>
    <ClInclude Include="Fygar.h">
      <Filter>Characters\Fygar\Player</Filter>
    </ClInclude>
    <ClInclude Include="FygarStateMachine.h">
      <Filter>Characters\Fygar\StateMachine</Filter>
    </ClInclude>
    <ClInclude Include="FygarBlackboard.h">
      <Filter>Characters\Fygar\StateMachine</Filter>
    </ClInclude>
    <ClInclude Include="FygarStateMove.h">
      <Filter>Characters\Fygar\StateMachine</Filter>
    </ClInclude>
    <ClInclude Include="FygarStateTeleport.h">
      <Filter>Characters\Fygar\StateMachine</Filter>
    </ClInclude>
    <ClInclude Include="DigDugStateDead.h">
      <Filter>Characters\DigDug\StateMachine</Filter>
    </ClInclude>
    <ClInclude Include="PickUpFruit.h">
      <Filter>Level</Filter>
    </ClInclude>
    <ClInclude Include="Achievements.h">
      <Filter>Characters\DigDug\Player</Filter>
    </ClInclude>
    <ClInclude Include="Rock.h">
      <Filter>Level</Filter>
    </ClInclude>
    <ClInclude Include="PookaStatePumped.h">
      <Filter>Characters\Pooka\StateMachine</Filter>
    </ClInclude>
    <ClInclude Include="FygarStatePumped.h">
      <Filter>Characters\Fygar\StateMachine</Filter>
    </ClInclude>
    <ClInclude Include="FygarStateFire.h">
      <Filter>Characters\Fygar\StateMachine</Filter>
    </ClInclude>
    <ClInclude Include="LevelTwo.h">
      <Filter>Level</Filter>
    </ClInclude>
  </ItemGroup>
  <ItemGroup>
    <ClCompile Include="MenuExtra.cpp">
      <Filter>Menu</Filter>
    </ClCompile>
    <ClCompile Include="MenuMain.cpp">
      <Filter>Menu</Filter>
    </ClCompile>
    <ClCompile Include="MenuQuit.cpp">
      <Filter>Menu</Filter>
    </ClCompile>
    <ClCompile Include="MenuScene.cpp">
      <Filter>Menu</Filter>
    </ClCompile>
    <ClCompile Include="DigDugBlackboard.cpp">
      <Filter>Characters\DigDug\StateMachine</Filter>
    </ClCompile>
    <ClCompile Include="DigDugStateIdle.cpp">
      <Filter>Characters\DigDug\StateMachine</Filter>
    </ClCompile>
    <ClCompile Include="DigDugStateMachine.cpp">
      <Filter>Characters\DigDug\StateMachine</Filter>
    </ClCompile>
    <ClCompile Include="DigDugStateMove.cpp">
      <Filter>Characters\DigDug\StateMachine</Filter>
    </ClCompile>
    <ClCompile Include="LevelOne.cpp">
      <Filter>Level</Filter>
    </ClCompile>
    <ClCompile Include="Main.cpp">
      <Filter>Main</Filter>
    </ClCompile>
    <ClCompile Include="Minigin.cpp">
      <Filter>Main</Filter>
    </ClCompile>
    <ClCompile Include="DigDugPCH.cpp">
      <Filter>Main</Filter>
    </ClCompile>
    <ClCompile Include="MenuSettings.cpp">
      <Filter>Menu</Filter>
    </ClCompile>
    <ClCompile Include="Player.cpp">
      <Filter>Characters\DigDug\Player</Filter>
    </ClCompile>
    <ClCompile Include="DigDugStatePump.cpp">
      <Filter>Characters\DigDug\StateMachine</Filter>
    </ClCompile>
    <ClCompile Include="World.cpp">
      <Filter>Level</Filter>
    </ClCompile>
    <ClCompile Include="Tunnel.cpp">
      <Filter>Level</Filter>
    </ClCompile>
    <ClCompile Include="DigDugStateDig.cpp">
      <Filter>Characters\DigDug\StateMachine</Filter>
    </ClCompile>
    <ClCompile Include="Pooka.cpp">
      <Filter>Characters\Pooka\Player</Filter>
    </ClCompile>
    <ClCompile Include="PookaBlackboard.cpp">
      <Filter>Characters\Pooka\StateMachine</Filter>
    </ClCompile>
    <ClCompile Include="PookaStateMachine.cpp">
      <Filter>Characters\Pooka\StateMachine</Filter>
    </ClCompile>
    <ClCompile Include="PookaStateMove.cpp">
      <Filter>Characters\Pooka\StateMachine</Filter>
    </ClCompile>
    <ClCompile Include="PookaStateTeleport.cpp">
      <Filter>Characters\Pooka\StateMachine</Filter>
    </ClCompile>
    <ClCompile Include="PlayerData.cpp">
      <Filter>Characters\DigDug\Player</Filter>
    </ClCompile>
    <ClCompile Include="PlayerHUD.cpp">
      <Filter>Characters\DigDug\Player</Filter>
    </ClCompile>
    <ClCompile Include="Fygar.cpp">
      <Filter>Characters\Fygar\Player</Filter>
    </ClCompile>
    <ClCompile Include="FygarStateMachine.cpp">
      <Filter>Characters\Fygar\StateMachine</Filter>
    </ClCompile>
    <ClCompile Include="FygarBlackboard.cpp">
      <Filter>Characters\Fygar\StateMachine</Filter>
    </ClCompile>
    <ClCompile Include="FygarStateMove.cpp">
      <Filter>Characters\Fygar\StateMachine</Filter>
    </ClCompile>
    <ClCompile Include="FygarStateTeleport.cpp">
      <Filter>Characters\Fygar\StateMachine</Filter>
    </ClCompile>
    <ClCompile Include="DigDugStateDead.cpp">
      <Filter>Characters\DigDug\StateMachine</Filter>
    </ClCompile>
    <ClCompile Include="PickUpFruit.cpp">
      <Filter>Level</Filter>
    </ClCompile>
    <ClCompile Include="Achievements.cpp">
      <Filter>Characters\DigDug\Player</Filter>
    </ClCompile>
    <ClCompile Include="Rock.cpp">
      <Filter>Level</Filter>
    </ClCompile>
    <ClCompile Include="PookaStatePumped.cpp">
      <Filter>Characters\Pooka\StateMachine</Filter>
    </ClCompile>
    <ClCompile Include="FygarStatePumped.cpp">
      <Filter>Characters\Fygar\StateMachine</Filter>
    </ClCompile>
    <ClCompile Include="FygarStateFire.cpp">
      <Filter>Characters\Fygar\StateMachine</Filter>
    </ClCompile>
    <ClCompile Include="LevelTwo.cpp">
      <Filter>Level</Filter>
    </ClCompile>
  </ItemGroup>
</Project>